
Microsoft Visual Studio Solution File, Format Version 11.00
# Visual Studio 2010
Project("{8BC9CEB8-8B4A-11D0-8D11-00A0C91BC942}") = "animation", "animation\animation.vcxproj", "{D6A1CB41-9EC9-446F-B77A-9E39CCF404EC}"
EndProject
Global
	GlobalSection(SolutionConfigurationPlatforms) = preSolution
		Debug|Win32 = Debug|Win32
		Release|Win32 = Release|Win32
	EndGlobalSection
	GlobalSection(ProjectConfigurationPlatforms) = postSolution
		{D6A1CB41-9EC9-446F-B77A-9E39CCF404EC}.Debug|Win32.ActiveCfg = Debug|Win32
		{D6A1CB41-9EC9-446F-B77A-9E39CCF404EC}.Debug|Win32.Build.0 = Debug|Win32
		{D6A1CB41-9EC9-446F-B77A-9E39CCF404EC}.Release|Win32.ActiveCfg = Release|Win32
		{D6A1CB41-9EC9-446F-B77A-9E39CCF404EC}.Release|Win32.Build.0 = Release|Win32
	EndGlobalSection
	GlobalSection(SolutionProperties) = preSolution
		HideSolutionNode = FALSE
	EndGlobalSection
EndGlobal
